{
  "lockfileVersion": 1,
  "workspaces": {
    "": {
      "name": "hp-ai-benchmark",
      "dependencies": {
        "@types/node": "^20.12.12",
        "ai": "^5.0.104",
        "dotenv": "^16.4.5",
        "mathjs": "^13.0.0",
        "zod": "^3.23.8",
      },
      "devDependencies": {
        "@types/bun": "^1.3.3",
        "prettier": "^3.7.3",
        "typescript": "^5.9.3",
      },
    },
  },
  "packages": {
    "@ai-sdk/gateway": ["@ai-sdk/gateway@2.0.17", "", { "dependencies": { "@ai-sdk/provider": "2.0.0", "@ai-sdk/provider-utils": "3.0.18", "@vercel/oidc": "3.0.5" }, "peerDependencies": { "zod": "^3.25.76 || ^4.1.8" } }, "sha512-oVAG6q72KsjKlrYdLhWjRO7rcqAR8CjokAbYuyVZoCO4Uh2PH/VzZoxZav71w2ipwlXhHCNaInGYWNs889MMDA=="],

    "@ai-sdk/provider": ["@ai-sdk/provider@2.0.0", "", { "dependencies": { "json-schema": "^0.4.0" } }, "sha512-6o7Y2SeO9vFKB8lArHXehNuusnpddKPk7xqL7T2/b+OvXMRIXUO1rR4wcv1hAFUAT9avGZshty3Wlua/XA7TvA=="],

    "@ai-sdk/provider-utils": ["@ai-sdk/provider-utils@3.0.18", "", { "dependencies": { "@ai-sdk/provider": "2.0.0", "@standard-schema/spec": "^1.0.0", "eventsource-parser": "^3.0.6" }, "peerDependencies": { "zod": "^3.25.76 || ^4.1.8" } }, "sha512-ypv1xXMsgGcNKUP+hglKqtdDuMg68nWHucPPAhIENrbFAI+xCHiqPVN8Zllxyv1TNZwGWUghPxJXU+Mqps0YRQ=="],

    "@babel/runtime": ["@babel/runtime@7.28.4", "", {}, "sha512-Q/N6JNWvIvPnLDvjlE1OUBLPQHH6l3CltCEsHIujp45zQUSSh8K+gHnaEX45yAT1nyngnINhvWtzN+Nb9D8RAQ=="],

    "@opentelemetry/api": ["@opentelemetry/api@1.9.0", "", {}, "sha512-3giAOQvZiH5F9bMlMiv8+GSPMeqg0dbaeo58/0SlA9sxSqZhnUtxzX9/2FzyhS9sWQf5S0GJE0AKBrFqjpeYcg=="],

    "@standard-schema/spec": ["@standard-schema/spec@1.0.0", "", {}, "sha512-m2bOd0f2RT9k8QJx1JN85cZYyH1RqFBdlwtkSlf4tBDYLCiiZnv1fIIwacK6cqwXavOydf0NPToMQgpKq+dVlA=="],

    "@types/bun": ["@types/bun@1.3.3", "", { "dependencies": { "bun-types": "1.3.3" } }, "sha512-ogrKbJ2X5N0kWLLFKeytG0eHDleBYtngtlbu9cyBKFtNL3cnpDZkNdQj8flVf6WTZUX5ulI9AY1oa7ljhSrp+g=="],

    "@types/node": ["@types/node@20.19.25", "", { "dependencies": { "undici-types": "~6.21.0" } }, "sha512-ZsJzA5thDQMSQO788d7IocwwQbI8B5OPzmqNvpf3NY/+MHDAS759Wo0gd2WQeXYt5AAAQjzcrTVC6SKCuYgoCQ=="],

    "@vercel/oidc": ["@vercel/oidc@3.0.5", "", {}, "sha512-fnYhv671l+eTTp48gB4zEsTW/YtRgRPnkI2nT7x6qw5rkI1Lq2hTmQIpHPgyThI0znLK+vX2n9XxKdXZ7BUbbw=="],

    "ai": ["ai@5.0.104", "", { "dependencies": { "@ai-sdk/gateway": "2.0.17", "@ai-sdk/provider": "2.0.0", "@ai-sdk/provider-utils": "3.0.18", "@opentelemetry/api": "1.9.0" }, "peerDependencies": { "zod": "^3.25.76 || ^4.1.8" } }, "sha512-MZOkL9++nY5PfkpWKBR3Rv+Oygxpb9S16ctv8h91GvrSif7UnNEdPMVZe3bUyMd2djxf0AtBk/csBixP0WwWZQ=="],

    "bun-types": ["bun-types@1.3.3", "", { "dependencies": { "@types/node": "*" } }, "sha512-z3Xwlg7j2l9JY27x5Qn3Wlyos8YAp0kKRlrePAOjgjMGS5IG6E7Jnlx736vH9UVI4wUICwwhC9anYL++XeOgTQ=="],

    "complex.js": ["complex.js@2.4.3", "", {}, "sha512-UrQVSUur14tNX6tiP4y8T4w4FeJAX3bi2cIv0pu/DTLFNxoq7z2Yh83Vfzztj6Px3X/lubqQ9IrPp7Bpn6p4MQ=="],

    "decimal.js": ["decimal.js@10.6.0", "", {}, "sha512-YpgQiITW3JXGntzdUmyUR1V812Hn8T1YVXhCu+wO3OpS4eU9l4YdD3qjyiKdV6mvV29zapkMeD390UVEf2lkUg=="],

    "dotenv": ["dotenv@16.6.1", "", {}, "sha512-uBq4egWHTcTt33a72vpSG0z3HnPuIl6NqYcTrKEg2azoEyl2hpW0zqlxysq2pK9HlDIHyHyakeYaYnSAwd8bow=="],

    "escape-latex": ["escape-latex@1.2.0", "", {}, "sha512-nV5aVWW1K0wEiUIEdZ4erkGGH8mDxGyxSeqPzRNtWP7ataw+/olFObw7hujFWlVjNsaDFw5VZ5NzVSIqRgfTiw=="],

    "eventsource-parser": ["eventsource-parser@3.0.6", "", {}, "sha512-Vo1ab+QXPzZ4tCa8SwIHJFaSzy4R6SHf7BY79rFBDf0idraZWAkYrDjDj8uWaSm3S2TK+hJ7/t1CEmZ7jXw+pg=="],

    "fraction.js": ["fraction.js@4.3.7", "", {}, "sha512-ZsDfxO51wGAXREY55a7la9LScWpwv9RxIrYABrlvOFBlH/ShPnrtsXeuUIfXKKOVicNxQ+o8JTbJvjS4M89yew=="],

    "javascript-natural-sort": ["javascript-natural-sort@0.7.1", "", {}, "sha512-nO6jcEfZWQXDhOiBtG2KvKyEptz7RVbpGP4vTD2hLBdmNQSsCiicO2Ioinv6UI4y9ukqnBpy+XZ9H6uLNgJTlw=="],

    "json-schema": ["json-schema@0.4.0", "", {}, "sha512-es94M3nTIfsEPisRafak+HDLfHXnKBhV3vU5eqPcS3flIWqcxJWgXHXiey3YrpaNsanY5ei1VoYEbOzijuq9BA=="],

    "mathjs": ["mathjs@13.2.3", "", { "dependencies": { "@babel/runtime": "^7.25.7", "complex.js": "^2.2.5", "decimal.js": "^10.4.3", "escape-latex": "^1.2.0", "fraction.js": "^4.3.7", "javascript-natural-sort": "^0.7.1", "seedrandom": "^3.0.5", "tiny-emitter": "^2.1.0", "typed-function": "^4.2.1" }, "bin": { "mathjs": "bin/cli.js" } }, "sha512-I67Op0JU7gGykFK64bJexkSAmX498x0oybxfVXn1rroEMZTmfxppORhnk8mEUnPrbTfabDKCqvm18vJKMk2UJQ=="],

    "prettier": ["prettier@3.7.3", "", { "bin": { "prettier": "bin/prettier.cjs" } }, "sha512-QgODejq9K3OzoBbuyobZlUhznP5SKwPqp+6Q6xw6o8gnhr4O85L2U915iM2IDcfF2NPXVaM9zlo9tdwipnYwzg=="],

    "seedrandom": ["seedrandom@3.0.5", "", {}, "sha512-8OwmbklUNzwezjGInmZ+2clQmExQPvomqjL7LFqOYqtmuxRgQYqOD3mHaU+MvZn5FLUeVxVfQjwLZW/n/JFuqg=="],

    "tiny-emitter": ["tiny-emitter@2.1.0", "", {}, "sha512-NB6Dk1A9xgQPMoGqC5CVXn123gWyte215ONT5Pp5a0yt4nlEoO1ZWeCwpncaekPHXO60i47ihFnZPiRPjRMq4Q=="],

    "typed-function": ["typed-function@4.2.2", "", {}, "sha512-VwaXim9Gp1bngi/q3do8hgttYn2uC3MoT/gfuMWylnj1IeZBUAyPddHZlo1K05BDoj8DYPpMdiHqH1dDYdJf2A=="],

    "typescript": ["typescript@5.9.3", "", { "bin": { "tsc": "bin/tsc", "tsserver": "bin/tsserver" } }, "sha512-jl1vZzPDinLr9eUt3J/t7V6FgNEw9QjvBPdysz9KfQDD41fQrC2Y4vKQdiaUpFT4bXlb1RHhLpp8wtm6M5TgSw=="],

    "undici-types": ["undici-types@6.21.0", "", {}, "sha512-iwDZqg0QAGrg9Rav5H4n0M64c3mkR59cJ6wQp+7C4nI0gsmExaedaYLNO44eT4AtBBwjbTiGPMlt2Md0T9H9JQ=="],

    "zod": ["zod@3.25.76", "", {}, "sha512-gzUt/qt81nXsFGKIFcC3YnfEAx5NkunCfnDlvuBSSFS02bcXu4Lmea0AFIUwbLWxWPx3d9p8S5QoaujKcNQxcQ=="],
  }
}
